github.com/davecgh/go-spew v1.1.1 h1:vj9j/u1bqnvCEfJOwUhtlOARqs3+rkHYY13jYWTU97c=
github.com/davecgh/go-spew v1.1.1/go.mod h1:J7Y8YcW2NihsgmVo/mv3lAwl/skON4iLHjSsI+c5H38=
github.com/google/uuid v1.0.0 h1:b4Gk+7WdP/d3HZH8EJsZpvV7EtDOgaZLtnaNGIu1adA=
github.com/google/uuid v1.0.0/go.mod h1:TIyPZe4MgqvfeYDBFedMoGGpEw/LqOeaOT+nhxU+yHo=
github.com/pborman/uuid v1.2.0 h1:J7Q5mO4ysT1dv8hyrUGHb9+ooztCXu1D8MY8DZYsu3g=
github.com/pborman/uuid v1.2.0/go.mod h1:X/NO0urCmaxf9VXbdlT7C2Yzkj2IKimNn4k+gtPdI/k=
github.com/pmezard/go-difflib v1.0.0 h1:4DBwDE0NGyQoBHbLQYPwSUPoCMWR5BEzIk/f1lZbAQM=
github.com/pmezard/go-difflib v1.0.0/go.mod h1:iKH77koFhYxTK1pcRnkKkqfTogsbg7gZNVY4sRDYZ/4=
github.com/streadway/amqp v0.0.0-20200108173154-1c71cc93ed71 h1:2MR0pKUzlP3SGgj5NYJe/zRYDwOu9ku6YHy+Iw7l5DM=
github.com/streadway/amqp v0.0.0-20200108173154-1c71cc93ed71/go.mod h1:AZpEONHx3DKn8O/DFsRAY58/XVQiIPMTMB1SddzLXVw=
github.com/stretchr/testify v1.1.4-0.20160524234229-8d64eb7173c7 h1:5KNW+VDCZxdFJasHPW1AehzhTIm69pHQq2psutjjXRk=
github.com/stretchr/testify v1.1.4-0.20160524234229-8d64eb7173c7/go.mod h1:a8OnRcib4nhh0OaRAV+Yts87kKdq0PP7pXfy6kDkUVs=
github.com/taskcluster/pulse-go v1.0.0 h1:ys4ZUNp5TYiV5LSMxge4YF/AtuBUNH9StAA/bkno+r0=
github.com/taskcluster/pulse-go v1.0.0/go.mod h1:uuaqnRQj9XqouabCEKjnrlJiC6UT9Gurx2oSe6s+irM=
github.com/urfave/cli v1.17.1-0.20160608151511-fa949b48f384 h1:nYZrQfefkHIWNPwwIToQOnTeZ5nQt4nUHiS4wHQBWSA=
github.com/urfave/cli v1.17.1-0.20160608151511-fa949b48f384/go.mod h1:70zkFmudgCuE/ngEzBv17Jvp/497gISqfk5gWijbERA=
go.mozilla.org/mozlog v0.0.0-20160610165107-cd74695caf44 h1:ZwI2d4V8jjame21x82EXAGuKKStymcxBsNt0hkN4/5E=
go.mozilla.org/mozlog v0.0.0-20160610165107-cd74695caf44/go.mod h1:jHoPAGnDrCy6kaI2tAze5Prf0Nr0w/oNkROt2lw3n3o=
